
Microsoft Visual Studio Solution File, Format Version 12.00
# Visual Studio Version 16
VisualStudioVersion = 25.0.1703.8
MinimumVisualStudioVersion = 10.0.40219.1
Project("{FAE04EC0-301F-11D3-BF4B-00C04F79EFBC}") = "DictionariesHomework", "DictionariesHomework\DictionariesHomework.csproj", "{7832F0FE-A324-4AD8-9774-3E1FC999E902}"
EndProject
Global
	GlobalSection(SolutionConfigurationPlatforms) = preSolution
		Debug|Any CPU = Debug|Any CPU
		Release|Any CPU = Release|Any CPU
	EndGlobalSection
	GlobalSection(ProjectConfigurationPlatforms) = postSolution
		{7832F0FE-A324-4AD8-9774-3E1FC999E902}.Debug|Any CPU.ActiveCfg = Debug|Any CPU
		{7832F0FE-A324-4AD8-9774-3E1FC999E902}.Debug|Any CPU.Build.0 = Debug|Any CPU
		{7832F0FE-A324-4AD8-9774-3E1FC999E902}.Release|Any CPU.ActiveCfg = Release|Any CPU
		{7832F0FE-A324-4AD8-9774-3E1FC999E902}.Release|Any CPU.Build.0 = Release|Any CPU
	EndGlobalSection
	GlobalSection(SolutionProperties) = preSolution
		HideSolutionNode = FALSE
	EndGlobalSection
	GlobalSection(ExtensibilityGlobals) = postSolution
		SolutionGuid = {66A15E7E-DB42-49F4-B689-C05B7C2B99A2}
	EndGlobalSection
EndGlobal
