
Microsoft Visual Studio Solution File, Format Version 12.00
# Visual Studio Version 16
VisualStudioVersion = 25.0.1703.8
MinimumVisualStudioVersion = 10.0.40219.1
Project("{FAE04EC0-301F-11D3-BF4B-00C04F79EFBC}") = "Methods", "Methods\Methods.csproj", "{489F9635-F638-45A5-9C59-B51B8A45B266}"
EndProject
Global
	GlobalSection(SolutionConfigurationPlatforms) = preSolution
		Debug|Any CPU = Debug|Any CPU
		Release|Any CPU = Release|Any CPU
	EndGlobalSection
	GlobalSection(ProjectConfigurationPlatforms) = postSolution
		{489F9635-F638-45A5-9C59-B51B8A45B266}.Debug|Any CPU.ActiveCfg = Debug|Any CPU
		{489F9635-F638-45A5-9C59-B51B8A45B266}.Debug|Any CPU.Build.0 = Debug|Any CPU
		{489F9635-F638-45A5-9C59-B51B8A45B266}.Release|Any CPU.ActiveCfg = Release|Any CPU
		{489F9635-F638-45A5-9C59-B51B8A45B266}.Release|Any CPU.Build.0 = Release|Any CPU
	EndGlobalSection
	GlobalSection(SolutionProperties) = preSolution
		HideSolutionNode = FALSE
	EndGlobalSection
	GlobalSection(ExtensibilityGlobals) = postSolution
		SolutionGuid = {2442BED6-3E50-4B70-8161-B366B1B9F993}
	EndGlobalSection
EndGlobal
