
Microsoft Visual Studio Solution File, Format Version 12.00
# Visual Studio Version 16
VisualStudioVersion = 25.0.1703.8
MinimumVisualStudioVersion = 10.0.40219.1
Project("{FAE04EC0-301F-11D3-BF4B-00C04F79EFBC}") = "ListsAndDictionariesPractice", "ListsAndDictionariesPractice\ListsAndDictionariesPractice.csproj", "{4F102A9C-EDCB-4D31-8C24-6455F6C60AE9}"
EndProject
Global
	GlobalSection(SolutionConfigurationPlatforms) = preSolution
		Debug|Any CPU = Debug|Any CPU
		Release|Any CPU = Release|Any CPU
	EndGlobalSection
	GlobalSection(ProjectConfigurationPlatforms) = postSolution
		{4F102A9C-EDCB-4D31-8C24-6455F6C60AE9}.Debug|Any CPU.ActiveCfg = Debug|Any CPU
		{4F102A9C-EDCB-4D31-8C24-6455F6C60AE9}.Debug|Any CPU.Build.0 = Debug|Any CPU
		{4F102A9C-EDCB-4D31-8C24-6455F6C60AE9}.Release|Any CPU.ActiveCfg = Release|Any CPU
		{4F102A9C-EDCB-4D31-8C24-6455F6C60AE9}.Release|Any CPU.Build.0 = Release|Any CPU
	EndGlobalSection
	GlobalSection(SolutionProperties) = preSolution
		HideSolutionNode = FALSE
	EndGlobalSection
	GlobalSection(ExtensibilityGlobals) = postSolution
		SolutionGuid = {C31C2DC8-AAC6-43CE-952C-58D21BB5F2C7}
	EndGlobalSection
EndGlobal
