
Microsoft Visual Studio Solution File, Format Version 12.00
# Visual Studio Version 16
VisualStudioVersion = 25.0.1703.8
MinimumVisualStudioVersion = 10.0.40219.1
Project("{FAE04EC0-301F-11D3-BF4B-00C04F79EFBC}") = "ConsoleUI", "ConsoleUI\ConsoleUI.csproj", "{FAF0D69C-FFD2-4A64-B415-42A9056D7771}"
EndProject
Global
	GlobalSection(SolutionConfigurationPlatforms) = preSolution
		Debug|Any CPU = Debug|Any CPU
		Release|Any CPU = Release|Any CPU
	EndGlobalSection
	GlobalSection(ProjectConfigurationPlatforms) = postSolution
		{FAF0D69C-FFD2-4A64-B415-42A9056D7771}.Debug|Any CPU.ActiveCfg = Debug|Any CPU
		{FAF0D69C-FFD2-4A64-B415-42A9056D7771}.Debug|Any CPU.Build.0 = Debug|Any CPU
		{FAF0D69C-FFD2-4A64-B415-42A9056D7771}.Release|Any CPU.ActiveCfg = Release|Any CPU
		{FAF0D69C-FFD2-4A64-B415-42A9056D7771}.Release|Any CPU.Build.0 = Release|Any CPU
	EndGlobalSection
	GlobalSection(SolutionProperties) = preSolution
		HideSolutionNode = FALSE
	EndGlobalSection
	GlobalSection(ExtensibilityGlobals) = postSolution
		SolutionGuid = {C607918B-D382-4F4B-A234-8993FDE0F6B2}
	EndGlobalSection
EndGlobal
