
Microsoft Visual Studio Solution File, Format Version 12.00
# Visual Studio Version 16
VisualStudioVersion = 25.0.1703.8
MinimumVisualStudioVersion = 10.0.40219.1
Project("{FAE04EC0-301F-11D3-BF4B-00C04F79EFBC}") = "ForLoops", "ForLoops\ForLoops.csproj", "{22D64F46-EC9C-49B4-A44A-D67383C89A1D}"
EndProject
Global
	GlobalSection(SolutionConfigurationPlatforms) = preSolution
		Debug|Any CPU = Debug|Any CPU
		Release|Any CPU = Release|Any CPU
	EndGlobalSection
	GlobalSection(ProjectConfigurationPlatforms) = postSolution
		{22D64F46-EC9C-49B4-A44A-D67383C89A1D}.Debug|Any CPU.ActiveCfg = Debug|Any CPU
		{22D64F46-EC9C-49B4-A44A-D67383C89A1D}.Debug|Any CPU.Build.0 = Debug|Any CPU
		{22D64F46-EC9C-49B4-A44A-D67383C89A1D}.Release|Any CPU.ActiveCfg = Release|Any CPU
		{22D64F46-EC9C-49B4-A44A-D67383C89A1D}.Release|Any CPU.Build.0 = Release|Any CPU
	EndGlobalSection
	GlobalSection(SolutionProperties) = preSolution
		HideSolutionNode = FALSE
	EndGlobalSection
	GlobalSection(ExtensibilityGlobals) = postSolution
		SolutionGuid = {DE162B93-C78A-4870-902A-9612C46576D1}
	EndGlobalSection
EndGlobal
