
Microsoft Visual Studio Solution File, Format Version 12.00
# Visual Studio Version 16
VisualStudioVersion = 25.0.1703.8
MinimumVisualStudioVersion = 10.0.40219.1
Project("{FAE04EC0-301F-11D3-BF4B-00C04F79EFBC}") = "NullVariables", "NullVariables\NullVariables.csproj", "{42757E29-59CD-4E17-AB11-3854402612F5}"
EndProject
Global
	GlobalSection(SolutionConfigurationPlatforms) = preSolution
		Debug|Any CPU = Debug|Any CPU
		Release|Any CPU = Release|Any CPU
	EndGlobalSection
	GlobalSection(ProjectConfigurationPlatforms) = postSolution
		{42757E29-59CD-4E17-AB11-3854402612F5}.Debug|Any CPU.ActiveCfg = Debug|Any CPU
		{42757E29-59CD-4E17-AB11-3854402612F5}.Debug|Any CPU.Build.0 = Debug|Any CPU
		{42757E29-59CD-4E17-AB11-3854402612F5}.Release|Any CPU.ActiveCfg = Release|Any CPU
		{42757E29-59CD-4E17-AB11-3854402612F5}.Release|Any CPU.Build.0 = Release|Any CPU
	EndGlobalSection
	GlobalSection(SolutionProperties) = preSolution
		HideSolutionNode = FALSE
	EndGlobalSection
	GlobalSection(ExtensibilityGlobals) = postSolution
		SolutionGuid = {083FD294-2DED-4342-B070-F2E936FBFF58}
	EndGlobalSection
EndGlobal
