
Microsoft Visual Studio Solution File, Format Version 12.00
# Visual Studio Version 16
VisualStudioVersion = 25.0.1703.8
MinimumVisualStudioVersion = 10.0.40219.1
Project("{FAE04EC0-301F-11D3-BF4B-00C04F79EFBC}") = "AdvancedIF", "AdvancedIF\AdvancedIF.csproj", "{8AEF524E-AA67-4DA5-B321-0131B59CAD66}"
EndProject
Global
	GlobalSection(SolutionConfigurationPlatforms) = preSolution
		Debug|Any CPU = Debug|Any CPU
		Release|Any CPU = Release|Any CPU
	EndGlobalSection
	GlobalSection(ProjectConfigurationPlatforms) = postSolution
		{8AEF524E-AA67-4DA5-B321-0131B59CAD66}.Debug|Any CPU.ActiveCfg = Debug|Any CPU
		{8AEF524E-AA67-4DA5-B321-0131B59CAD66}.Debug|Any CPU.Build.0 = Debug|Any CPU
		{8AEF524E-AA67-4DA5-B321-0131B59CAD66}.Release|Any CPU.ActiveCfg = Release|Any CPU
		{8AEF524E-AA67-4DA5-B321-0131B59CAD66}.Release|Any CPU.Build.0 = Release|Any CPU
	EndGlobalSection
	GlobalSection(SolutionProperties) = preSolution
		HideSolutionNode = FALSE
	EndGlobalSection
	GlobalSection(ExtensibilityGlobals) = postSolution
		SolutionGuid = {7C6CF783-27D3-4736-AEAA-6394AF1749FB}
	EndGlobalSection
EndGlobal
